Microsoft Visual Studio Solution File, Format Version 12.00
# Visual Studio Version 17
VisualStudioVersion = 17.5.2.0
MinimumVisualStudioVersion = 10.0.40219.1
Project("{FAE04EC0-301F-11D3-BF4B-00C04F79EFBC}") = "SedesBarrioNorte", "SedesBarrioNorte.csproj", "{D76A9431-E38B-11F1-228B-CCF3682C0E8C}"
EndProject
Global
	GlobalSection(SolutionConfigurationPlatforms) = preSolution
		Debug|Any CPU = Debug|Any CPU
		Release|Any CPU = Release|Any CPU
	EndGlobalSection
	GlobalSection(ProjectConfigurationPlatforms) = postSolution
		{D76A9431-E38B-11F1-228B-CCF3682C0E8C}.Debug|Any CPU.ActiveCfg = Debug|Any CPU
		{D76A9431-E38B-11F1-228B-CCF3682C0E8C}.Debug|Any CPU.Build.0 = Debug|Any CPU
		{D76A9431-E38B-11F1-228B-CCF3682C0E8C}.Release|Any CPU.ActiveCfg = Release|Any CPU
		{D76A9431-E38B-11F1-228B-CCF3682C0E8C}.Release|Any CPU.Build.0 = Release|Any CPU
	EndGlobalSection
	GlobalSection(SolutionProperties) = preSolution
		HideSolutionNode = FALSE
	EndGlobalSection
	GlobalSection(ExtensibilityGlobals) = postSolution
		SolutionGuid = {91BD16A8-FC2F-4D50-AB40-37F48E2CA59A}
	EndGlobalSection
EndGlobal
